// !$*UTF8*$!
{
	archiveVersion = 1;
	classes = {
	};
	objectVersion = 46;
	objects = {

/* Begin PBXBuildFile section */
		BC7EA4C18984BEB610AE9A0F /* Pods_FrameworkCreation.framework in Frameworks */ = {isa = PBXBuildFile; fileRef = CDABC2C43EF641FD4D96AD37 /* Pods_FrameworkCreation.framework */; };
		DCBE3CA21D9C4AE30057CF05 /* AppDelegate.swift in Sources */ = {isa = PBXBuildFile; fileRef = DCBE3CA11D9C4AE30057CF05 /* AppDelegate.swift */; };
		DCBE3CA41D9C4AE30057CF05 /* ViewController.swift in Sources */ = {isa = PBXBuildFile; fileRef = DCBE3CA31D9C4AE30057CF05 /* ViewController.swift */; };
		DCBE3CA71D9C4AE30057CF05 /* Main.storyboard in Resources */ = {isa = PBXBuildFile; fileRef = DCBE3CA51D9C4AE30057CF05 /* Main.storyboard */; };
		DCBE3CA91D9C4AE30057CF05 /* Assets.xcassets in Resources */ = {isa = PBXBuildFile; fileRef = DCBE3CA81D9C4AE30057CF05 /* Assets.xcassets */; };
		DCBE3CAC1D9C4AE30057CF05 /* LaunchScreen.storyboard in Resources */ = {isa = PBXBuildFile; fileRef = DCBE3CAA1D9C4AE30057CF05 /* LaunchScreen.storyboard */; };
/* End PBXBuildFile section */

/* Begin PBXCopyFilesBuildPhase section */
		DC2D521E1D9C4D3200DE29D2 /* Embed Frameworks */ = {
			isa = PBXCopyFilesBuildPhase;
			buildActionMask = 2147483647;
			dstPath = "";
			dstSubfolderSpec = 10;
			files = (
			);
			name = "Embed Frameworks";
			runOnlyForDeploymentPostprocessing = 0;
		};
/* End PBXCopyFilesBuildPhase section */

/* Begin PBXFileReference section */
		BE906F88BBFC2F49006FFCC5 /* Pods-FrameworkCreation.debug.xcconfig */ = {isa = PBXFileReference; includeInIndex = 1; lastKnownFileType = text.xcconfig; name = "Pods-FrameworkCreation.debug.xcconfig"; path = "Pods/Target Support Files/Pods-FrameworkCreation/Pods-FrameworkCreation.debug.xcconfig"; sourceTree = "<group>"; };
		CDABC2C43EF641FD4D96AD37 /* Pods_FrameworkCreation.framework */ = {isa = PBXFileReference; explicitFileType = wrapper.framework; includeInIndex = 0; path = Pods_FrameworkCreation.framework; sourceTree = BUILT_PRODUCTS_DIR; };
		DBFDF5A7EED99857BFD37E01 /* Pods-FrameworkCreation.release.xcconfig */ = {isa = PBXFileReference; includeInIndex = 1; lastKnownFileType = text.xcconfig; name = "Pods-FrameworkCreation.release.xcconfig"; path = "Pods/Target Support Files/Pods-FrameworkCreation/Pods-FrameworkCreation.release.xcconfig"; sourceTree = "<group>"; };
		DCBE3C9E1D9C4AE30057CF05 /* FrameworkCreation.app */ = {isa = PBXFileReference; explicitFileType = wrapper.application; includeInIndex = 0; path = FrameworkCreation.app; sourceTree = BUILT_PRODUCTS_DIR; };
		DCBE3CA11D9C4AE30057CF05 /* AppDelegate.swift */ = {isa = PBXFileReference; lastKnownFileType = sourcecode.swift; path = AppDelegate.swift; sourceTree = "<group>"; };
		DCBE3CA31D9C4AE30057CF05 /* ViewController.swift */ = {isa = PBXFileReference; lastKnownFileType = sourcecode.swift; path = ViewController.swift; sourceTree = "<group>"; };
		DCBE3CA61D9C4AE30057CF05 /* Base */ = {isa = PBXFileReference; lastKnownFileType = file.storyboard; name = Base; path = Base.lproj/Main.storyboard; sourceTree = "<group>"; };
		DCBE3CA81D9C4AE30057CF05 /* Assets.xcassets */ = {isa = PBXFileReference; lastKnownFileType = folder.assetcatalog; path = Assets.xcassets; sourceTree = "<group>"; };
		DCBE3CAB1D9C4AE30057CF05 /* Base */ = {isa = PBXFileReference; lastKnownFileType = file.storyboard; name = Base; path = Base.lproj/LaunchScreen.storyboard; sourceTree = "<group>"; };
		DCBE3CAD1D9C4AE30057CF05 /* Info.plist */ = {isa = PBXFileReference; lastKnownFileType = text.plist.xml; path = Info.plist; sourceTree = "<group>"; };
/* End PBXFileReference section */

/* Begin PBXFrameworksBuildPhase section */
		DCBE3C9B1D9C4AE30057CF05 /* Frameworks */ = {
			isa = PBXFrameworksBuildPhase;
			buildActionMask = 2147483647;
			files = (
				BC7EA4C18984BEB610AE9A0F /* Pods_FrameworkCreation.framework in Frameworks */,
			);
			runOnlyForDeploymentPostprocessing = 0;
		};
/* End PBXFrameworksBuildPhase section */

/* Begin PBXGroup section */
		410561FF3C0AA5FA8AF9CE2E /* Pods */ = {
			isa = PBXGroup;
			children = (
				BE906F88BBFC2F49006FFCC5 /* Pods-FrameworkCreation.debug.xcconfig */,
				DBFDF5A7EED99857BFD37E01 /* Pods-FrameworkCreation.release.xcconfig */,
			);
			name = Pods;
			sourceTree = "<group>";
		};
		DCBE3C951D9C4AE30057CF05 = {
			isa = PBXGroup;
			children = (
				DCBE3CA01D9C4AE30057CF05 /* FrameworkCreation */,
				DCBE3C9F1D9C4AE30057CF05 /* Products */,
				410561FF3C0AA5FA8AF9CE2E /* Pods */,
				E449ABFC8D2856950CE98D77 /* Frameworks */,
			);
			sourceTree = "<group>";
		};
		DCBE3C9F1D9C4AE30057CF05 /* Products */ = {
			isa = PBXGroup;
			children = (
				DCBE3C9E1D9C4AE30057CF05 /* FrameworkCreation.app */,
			);
			name = Products;
			sourceTree = "<group>";
		};
		DCBE3CA01D9C4AE30057CF05 /* FrameworkCreation */ = {
			isa = PBXGroup;
			children = (
				DCBE3CA11D9C4AE30057CF05 /* AppDelegate.swift */,
				DCBE3CA31D9C4AE30057CF05 /* ViewController.swift */,
				DCBE3CA51D9C4AE30057CF05 /* Main.storyboard */,
				DCBE3CA81D9C4AE30057CF05 /* Assets.xcassets */,
				DCBE3CAA1D9C4AE30057CF05 /* LaunchScreen.storyboard */,
				DCBE3CAD1D9C4AE30057CF05 /* Info.plist */,
			);
			path = FrameworkCreation;
			sourceTree = "<group>";
		};
		E449ABFC8D2856950CE98D77 /* Frameworks */ = {
			isa = PBXGroup;
			children = (
				CDABC2C43EF641FD4D96AD37 /* Pods_FrameworkCreation.framework */,
			);
			name = Frameworks;
			sourceTree = "<group>";
		};
/* End PBXGroup section */

/* Begin PBXNativeTarget section */
		DCBE3C9D1D9C4AE30057CF05 /* FrameworkCreation */ = {
			isa = PBXNativeTarget;
			buildConfigurationList = DCBE3CB01D9C4AE30057CF05 /* Build configuration list for PBXNativeTarget "FrameworkCreation" */;
			buildPhases = (
				E802A6600335F827A564FD80 /* [CP] Check Pods Manifest.lock */,
				DCBE3C9A1D9C4AE30057CF05 /* Sources */,
				DCBE3C9B1D9C4AE30057CF05 /* Frameworks */,
				DCBE3C9C1D9C4AE30057CF05 /* Resources */,
				DC2D521E1D9C4D3200DE29D2 /* Embed Frameworks */,
				2008B114626309633BA30944 /* [CP] Embed Pods Frameworks */,
				4634B930D76C94A31A43E3EE /* [CP] Copy Pods Resources */,
			);
			buildRules = (
			);
			dependencies = (
			);
			name = FrameworkCreation;
			productName = FrameworkCreation;
			productReference = DCBE3C9E1D9C4AE30057CF05 /* FrameworkCreation.app */;
			productType = "com.apple.product-type.application";
		};
/* End PBXNativeTarget section */

/* Begin PBXProject section */
		DCBE3C961D9C4AE30057CF05 /* Project object */ = {
			isa = PBXProject;
			attributes = {
				LastSwiftUpdateCheck = 0800;
				LastUpgradeCheck = 0800;
				ORGANIZATIONNAME = JayLabs;
				TargetAttributes = {
					DCBE3C9D1D9C4AE30057CF05 = {
						CreatedOnToolsVersion = 8.0;
						DevelopmentTeam = QP8Z378EKD;
						ProvisioningStyle = Automatic;
					};
				};
			};
			buildConfigurationList = DCBE3C991D9C4AE30057CF05 /* Build configuration list for PBXProject "FrameworkCreation" */;
			compatibilityVersion = "Xcode 3.2";
			developmentRegion = English;
			hasScannedForEncodings = 0;
			knownRegions = (
				en,
				Base,
			);
			mainGroup = DCBE3C951D9C4AE30057CF05;
			productRefGroup = DCBE3C9F1D9C4AE30057CF05 /* Products */;
			projectDirPath = "";
			projectRoot = "";
			targets = (
				DCBE3C9D1D9C4AE30057CF05 /* FrameworkCreation */,
			);
		};
/* End PBXProject section */

/* Begin PBXResourcesBuildPhase section */
		DCBE3C9C1D9C4AE30057CF05 /* Resources */ = {
			isa = PBXResourcesBuildPhase;
			buildActionMask = 2147483647;
			files = (
				DCBE3CAC1D9C4AE30057CF05 /* LaunchScreen.storyboard in Resources */,
				DCBE3CA91D9C4AE30057CF05 /* Assets.xcassets in Resources */,
				DCBE3CA71D9C4AE30057CF05 /* Main.storyboard in Resources */,
			);
			runOnlyForDeploymentPostprocessing = 0;
		};
/* End PBXResourcesBuildPhase section */

/* Begin PBXShellScriptBuildPhase section */
		2008B114626309633BA30944 /* [CP] Embed Pods Frameworks */ = {
			isa = PBXShellScriptBuildPhase;
			buildActionMask = 2147483647;
			files = (
			);
			inputPaths = (
			);
			name = "[CP] Embed Pods Frameworks";
			outputPaths = (
			);
			runOnlyForDeploymentPostprocessing = 0;
			shellPath = /bin/sh;
			shellScript = "\"${SRCROOT}/Pods/Target Support Files/Pods-FrameworkCreation/Pods-FrameworkCreation-frameworks.sh\"\n";
			showEnvVarsInLog = 0;
		};
		4634B930D76C94A31A43E3EE /* [CP] Copy Pods Resources */ = {
			isa = PBXShellScriptBuildPhase;
			buildActionMask = 2147483647;
			files = (
			);
			inputPaths = (
			);
			name = "[CP] Copy Pods Resources";
			outputPaths = (
			);
			runOnlyForDeploymentPostprocessing = 0;
			shellPath = /bin/sh;
			shellScript = "\"${SRCROOT}/Pods/Target Support Files/Pods-FrameworkCreation/Pods-FrameworkCreation-resources.sh\"\n";
			showEnvVarsInLog = 0;
		};
		E802A6600335F827A564FD80 /* [CP] Check Pods Manifest.lock */ = {
			isa = PBXShellScriptBuildPhase;
			buildActionMask = 2147483647;
			files = (
			);
			inputPaths = (
			);
			name = "[CP] Check Pods Manifest.lock";
			outputPaths = (
			);
			runOnlyForDeploymentPostprocessing = 0;
			shellPath = /bin/sh;
			shellScript = "diff \"${PODS_ROOT}/../Podfile.lock\" \"${PODS_ROOT}/Manifest.lock\" > /dev/null\nif [[ $? != 0 ]] ; then\n    cat << EOM\nerror: The sandbox is not in sync with the Podfile.lock. Run 'pod install' or update your CocoaPods installation.\nEOM\n    exit 1\nfi\n";
			showEnvVarsInLog = 0;
		};
/* End PBXShellScriptBuildPhase section */

/* Begin PBXSourcesBuildPhase section */
		DCBE3C9A1D9C4AE30057CF05 /* Sources */ = {
			isa = PBXSourcesBuildPhase;
			buildActionMask = 2147483647;
			files = (
				DCBE3CA41D9C4AE30057CF05 /* ViewController.swift in Sources */,
				DCBE3CA21D9C4AE30057CF05 /* AppDelegate.swift in Sources */,
			);
			runOnlyForDeploymentPostprocessing = 0;
		};
/* End PBXSourcesBuildPhase section */

/* Begin PBXVariantGroup section */
		DCBE3CA51D9C4AE30057CF05 /* Main.storyboard */ = {
			isa = PBXVariantGroup;
			children = (
				DCBE3CA61D9C4AE30057CF05 /* Base */,
			);
			name = Main.storyboard;
			sourceTree = "<group>";
		};
		DCBE3CAA1D9C4AE30057CF05 /* LaunchScreen.storyboard */ = {
			isa = PBXVariantGroup;
			children = (
				DCBE3CAB1D9C4AE30057CF05 /* Base */,
			);
			name = LaunchScreen.storyboard;
			sourceTree = "<group>";
		};
/* End PBXVariantGroup section */

/* Begin XCBuildConfiguration section */
		DCBE3CAE1D9C4AE30057CF05 /* Debug */ = {
			isa = XCBuildConfiguration;
			buildSettings = {
				ALWAYS_SEARCH_USER_PATHS = NO;
				CLANG_ANALYZER_NONNULL = YES;
				CLANG_CXX_LANGUAGE_STANDARD = "gnu++0x";
				CLANG_CXX_LIBRARY = "libc++";
				CLANG_ENABLE_MODULES = YES;
				CLANG_ENABLE_OBJC_ARC = YES;
				CLANG_WARN_BOOL_CONVERSION = YES;
				CLANG_WARN_CONSTANT_CONVERSION = YES;
				CLANG_WARN_DIRECT_OBJC_ISA_USAGE = YES_ERROR;
				CLANG_WARN_DOCUMENTATION_COMMENTS = YES;
				CLANG_WARN_EMPTY_BODY = YES;
				CLANG_WARN_ENUM_CONVERSION = YES;
				CLANG_WARN_INFINITE_RECURSION = YES;
				CLANG_WARN_INT_CONVERSION = YES;
				CLANG_WARN_OBJC_ROOT_CLASS = YES_ERROR;
				CLANG_WARN_SUSPICIOUS_MOVE = YES;
				CLANG_WARN_SUSPICIOUS_MOVES = YES;
				CLANG_WARN_UNREACHABLE_CODE = YES;
				CLANG_WARN__DUPLICATE_METHOD_MATCH = YES;
				"CODE_SIGN_IDENTITY[sdk=iphoneos*]" = "iPhone Developer";
				COPY_PHASE_STRIP = NO;
				DEBUG_INFORMATION_FORMAT = dwarf;
				ENABLE_STRICT_OBJC_MSGSEND = YES;
				ENABLE_TESTABILITY = YES;
				GCC_C_LANGUAGE_STANDARD = gnu99;
				GCC_DYNAMIC_NO_PIC = NO;
				GCC_NO_COMMON_BLOCKS = YES;
				GCC_OPTIMIZATION_LEVEL = 0;
				GCC_PREPROCESSOR_DEFINITIONS = (
					"DEBUG=1",
					"$(inherited)",
				);
				GCC_WARN_64_TO_32_BIT_CONVERSION = YES;
				GCC_WARN_ABOUT_RETURN_TYPE = YES_ERROR;
				GCC_WARN_UNDECLARED_SELECTOR = YES;
				GCC_WARN_UNINITIALIZED_AUTOS = YES_AGGRESSIVE;
				GCC_WARN_UNUSED_FUNCTION = YES;
				GCC_WARN_UNUSED_VARIABLE = YES;
				IPHONEOS_DEPLOYMENT_TARGET = 10.0;
				MTL_ENABLE_DEBUG_INFO = YES;
				ONLY_ACTIVE_ARCH = YES;
				SDKROOT = iphoneos;
				SWIFT_ACTIVE_COMPILATION_CONDITIONS = DEBUG;
				SWIFT_OPTIMIZATION_LEVEL = "-Onone";
				TARGETED_DEVICE_FAMILY = "1,2";
			};
			name = Debug;
		};
		DCBE3CAF1D9C4AE30057CF05 /* Release */ = {
			isa = XCBuildConfiguration;
			buildSettings = {
				ALWAYS_SEARCH_USER_PATHS = NO;
				CLANG_ANALYZER_NONNULL = YES;
				CLANG_CXX_LANGUAGE_STANDARD = "gnu++0x";
				CLANG_CXX_LIBRARY = "libc++";
				CLANG_ENABLE_MODULES = YES;
				CLANG_ENABLE_OBJC_ARC = YES;
				CLANG_WARN_BOOL_CONVERSION = YES;
				CLANG_WARN_CONSTANT_CONVERSION = YES;
				CLANG_WARN_DIRECT_OBJC_ISA_USAGE = YES_ERROR;
				CLANG_WARN_DOCUMENTATION_COMMENTS = YES;
				CLANG_WARN_EMPTY_BODY = YES;
				CLANG_WARN_ENUM_CONVERSION = YES;
				CLANG_WARN_INFINITE_RECURSION = YES;
				CLANG_WARN_INT_CONVERSION = YES;
				CLANG_WARN_OBJC_ROOT_CLASS = YES_ERROR;
				CLANG_WARN_SUSPICIOUS_MOVE = YES;
				CLANG_WARN_SUSPICIOUS_MOVES = YES;
				CLANG_WARN_UNREACHABLE_CODE = YES;
				CLANG_WARN__DUPLICATE_METHOD_MATCH = YES;
				"CODE_SIGN_IDENTITY[sdk=iphoneos*]" = "iPhone Developer";
				COPY_PHASE_STRIP = NO;
				DEBUG_INFORMATION_FORMAT = "dwarf-with-dsym";
				ENABLE_NS_ASSERTIONS = NO;
				ENABLE_STRICT_OBJC_MSGSEND = YES;
				GCC_C_LANGUAGE_STANDARD = gnu99;
				GCC_NO_COMMON_BLOCKS = YES;
				GCC_WARN_64_TO_32_BIT_CONVERSION = YES;
				GCC_WARN_ABOUT_RETURN_TYPE = YES_ERROR;
				GCC_WARN_UNDECLARED_SELECTOR = YES;
				GCC_WARN_UNINITIALIZED_AUTOS = YES_AGGRESSIVE;
				GCC_WARN_UNUSED_FUNCTION = YES;
				GCC_WARN_UNUSED_VARIABLE = YES;
				IPHONEOS_DEPLOYMENT_TARGET = 10.0;
				MTL_ENABLE_DEBUG_INFO = NO;
				SDKROOT = iphoneos;
				SWIFT_OPTIMIZATION_LEVEL = "-Owholemodule";
				TARGETED_DEVICE_FAMILY = "1,2";
				VALIDATE_PRODUCT = YES;
			};
			name = Release;
		};
		DCBE3CB11D9C4AE30057CF05 /* Debug */ = {
			isa = XCBuildConfiguration;
			baseConfigurationReference = BE906F88BBFC2F49006FFCC5 /* Pods-FrameworkCreation.debug.xcconfig */;
			buildSettings = {
				ALWAYS_EMBED_SWIFT_STANDARD_LIBRARIES = YES;
				ASSETCATALOG_COMPILER_APPICON_NAME = AppIcon;
				DEVELOPMENT_TEAM = QP8Z378EKD;
				INFOPLIST_FILE = FrameworkCreation/Info.plist;
				LD_RUNPATH_SEARCH_PATHS = "$(inherited) @executable_path/Frameworks";
				PRODUCT_BUNDLE_IDENTIFIER = com.JayLabs.FrameworkCreation;
				PRODUCT_NAME = "$(TARGET_NAME)";
				SWIFT_VERSION = 3.0;
			};
			name = Debug;
		};
		DCBE3CB21D9C4AE30057CF05 /* Release */ = {
			isa = XCBuildConfiguration;
			baseConfigurationReference = DBFDF5A7EED99857BFD37E01 /* Pods-FrameworkCreation.release.xcconfig */;
			buildSettings = {
				ALWAYS_EMBED_SWIFT_STANDARD_LIBRARIES = YES;
				ASSETCATALOG_COMPILER_APPICON_NAME = AppIcon;
				DEVELOPMENT_TEAM = QP8Z378EKD;
				INFOPLIST_FILE = FrameworkCreation/Info.plist;
				LD_RUNPATH_SEARCH_PATHS = "$(inherited) @executable_path/Frameworks";
				PRODUCT_BUNDLE_IDENTIFIER = com.JayLabs.FrameworkCreation;
				PRODUCT_NAME = "$(TARGET_NAME)";
				SWIFT_VERSION = 3.0;
			};
			name = Release;
		};
/* End XCBuildConfiguration section */

/* Begin XCConfigurationList section */
		DCBE3C991D9C4AE30057CF05 /* Build configuration list for PBXProject "FrameworkCreation" */ = {
			isa = XCConfigurationList;
			buildConfigurations = (
				DCBE3CAE1D9C4AE30057CF05 /* Debug */,
				DCBE3CAF1D9C4AE30057CF05 /* Release */,
			);
			defaultConfigurationIsVisible = 0;
			defaultConfigurationName = Release;
		};
		DCBE3CB01D9C4AE30057CF05 /* Build configuration list for PBXNativeTarget "FrameworkCreation" */ = {
			isa = XCConfigurationList;
			buildConfigurations = (
				DCBE3CB11D9C4AE30057CF05 /* Debug */,
				DCBE3CB21D9C4AE30057CF05 /* Release */,
			);
			defaultConfigurationIsVisible = 0;
			defaultConfigurationName = Release;
		};
/* End XCConfigurationList section */
	};
	rootObject = DCBE3C961D9C4AE30057CF05 /* Project object */;
}
